
Microsoft Visual Studio Solution File, Format Version 12.00
# Visual Studio Version 17
VisualStudioVersion = 17.10.35027.167
MinimumVisualStudioVersion = 10.0.40219.1
Project("{FAE04EC0-301F-11D3-BF4B-00C04F79EFBC}") = "Tracker", "Tracker\Tracker.csproj", "{97BBC6AB-4106-420C-BD85-8B1244C4A099}"
EndProject
Global
	GlobalSection(SolutionConfigurationPlatforms) = preSolution
		Debug|Any CPU = Debug|Any CPU
		Release|Any CPU = Release|Any CPU
	EndGlobalSection
	GlobalSection(ProjectConfigurationPlatforms) = postSolution
		{97BBC6AB-4106-420C-BD85-8B1244C4A099}.Debug|Any CPU.ActiveCfg = Debug|Any CPU
		{97BBC6AB-4106-420C-BD85-8B1244C4A099}.Debug|Any CPU.Build.0 = Debug|Any CPU
		{97BBC6AB-4106-420C-BD85-8B1244C4A099}.Release|Any CPU.ActiveCfg = Release|Any CPU
		{97BBC6AB-4106-420C-BD85-8B1244C4A099}.Release|Any CPU.Build.0 = Release|Any CPU
	EndGlobalSection
	GlobalSection(SolutionProperties) = preSolution
		HideSolutionNode = FALSE
	EndGlobalSection
	GlobalSection(ExtensibilityGlobals) = postSolution
		SolutionGuid = {461B0BE7-F2D2-4ECA-8C48-174B6FB570A2}
	EndGlobalSection
EndGlobal
